// !$*UTF8*$!
{
	archiveVersion = 1;
	classes = {
	};
	objectVersion = 46;
	objects = {

/* Begin PBXBuildFile section */
		C2BE75741B539CE60081C5DC /* main.m in Sources */ = {isa = PBXBuildFile; fileRef = C2BE75731B539CE60081C5DC /* main.m */; };
		C2BE75771B539CE60081C5DC /* AppDelegate.m in Sources */ = {isa = PBXBuildFile; fileRef = C2BE75761B539CE60081C5DC /* AppDelegate.m */; };
		C2BE757A1B539CE60081C5DC /* ViewController.m in Sources */ = {isa = PBXBuildFile; fileRef = C2BE75791B539CE60081C5DC /* ViewController.m */; };
		C2BE757D1B539CE60081C5DC /* Main.storyboard in Resources */ = {isa = PBXBuildFile; fileRef = C2BE757B1B539CE60081C5DC /* Main.storyboard */; };
		C2BE757F1B539CE60081C5DC /* Images.xcassets in Resources */ = {isa = PBXBuildFile; fileRef = C2BE757E1B539CE60081C5DC /* Images.xcassets */; };
		C2BE75821B539CE60081C5DC /* LaunchScreen.xib in Resources */ = {isa = PBXBuildFile; fileRef = C2BE75801B539CE60081C5DC /* LaunchScreen.xib */; };
		C2BE758E1B539CE60081C5DC /* grdwyTests.m in Sources */ = {isa = PBXBuildFile; fileRef = C2BE758D1B539CE60081C5DC /* grdwyTests.m */; };
/* End PBXBuildFile section */

/* Begin PBXContainerItemProxy section */
		C2BE75881B539CE60081C5DC /* PBXContainerItemProxy */ = {
			isa = PBXContainerItemProxy;
			containerPortal = C2BE75661B539CE60081C5DC /* Project object */;
			proxyType = 1;
			remoteGlobalIDString = C2BE756D1B539CE60081C5DC;
			remoteInfo = grdwy;
		};
/* End PBXContainerItemProxy section */

/* Begin PBXFileReference section */
		C2BE756E1B539CE60081C5DC /* grdwy.app */ = {isa = PBXFileReference; explicitFileType = wrapper.application; includeInIndex = 0; path = grdwy.app; sourceTree = BUILT_PRODUCTS_DIR; };
		C2BE75721B539CE60081C5DC /* Info.plist */ = {isa = PBXFileReference; lastKnownFileType = text.plist.xml; path = Info.plist; sourceTree = "<group>"; };
		C2BE75731B539CE60081C5DC /* main.m */ = {isa = PBXFileReference; lastKnownFileType = sourcecode.c.objc; path = main.m; sourceTree = "<group>"; };
		C2BE75751B539CE60081C5DC /* AppDelegate.h */ = {isa = PBXFileReference; lastKnownFileType = sourcecode.c.h; path = AppDelegate.h; sourceTree = "<group>"; };
		C2BE75761B539CE60081C5DC /* AppDelegate.m */ = {isa = PBXFileReference; lastKnownFileType = sourcecode.c.objc; path = AppDelegate.m; sourceTree = "<group>"; };
		C2BE75781B539CE60081C5DC /* ViewController.h */ = {isa = PBXFileReference; lastKnownFileType = sourcecode.c.h; path = ViewController.h; sourceTree = "<group>"; };
		C2BE75791B539CE60081C5DC /* ViewController.m */ = {isa = PBXFileReference; lastKnownFileType = sourcecode.c.objc; path = ViewController.m; sourceTree = "<group>"; };
		C2BE757C1B539CE60081C5DC /* Base */ = {isa = PBXFileReference; lastKnownFileType = file.storyboard; name = Base; path = Base.lproj/Main.storyboard; sourceTree = "<group>"; };
		C2BE757E1B539CE60081C5DC /* Images.xcassets */ = {isa = PBXFileReference; lastKnownFileType = folder.assetcatalog; path = Images.xcassets; sourceTree = "<group>"; };
		C2BE75811B539CE60081C5DC /* Base */ = {isa = PBXFileReference; lastKnownFileType = file.xib; name = Base; path = Base.lproj/LaunchScreen.xib; sourceTree = "<group>"; };
		C2BE75871B539CE60081C5DC /* grdwyTests.xctest */ = {isa = PBXFileReference; explicitFileType = wrapper.cfbundle; includeInIndex = 0; path = grdwyTests.xctest; sourceTree = BUILT_PRODUCTS_DIR; };
		C2BE758C1B539CE60081C5DC /* Info.plist */ = {isa = PBXFileReference; lastKnownFileType = text.plist.xml; path = Info.plist; sourceTree = "<group>"; };
		C2BE758D1B539CE60081C5DC /* grdwyTests.m */ = {isa = PBXFileReference; lastKnownFileType = sourcecode.c.objc; path = grdwyTests.m; sourceTree = "<group>"; };
/* End PBXFileReference section */

/* Begin PBXFrameworksBuildPhase section */
		C2BE756B1B539CE60081C5DC /* Frameworks */ = {
			isa = PBXFrameworksBuildPhase;
			buildActionMask = 2147483647;
			files = (
			);
			runOnlyForDeploymentPostprocessing = 0;
		};
		C2BE75841B539CE60081C5DC /* Frameworks */ = {
			isa = PBXFrameworksBuildPhase;
			buildActionMask = 2147483647;
			files = (
			);
			runOnlyForDeploymentPostprocessing = 0;
		};
/* End PBXFrameworksBuildPhase section */

/* Begin PBXGroup section */
		C2BE75651B539CE60081C5DC = {
			isa = PBXGroup;
			children = (
				C2BE75701B539CE60081C5DC /* grdwy */,
				C2BE758A1B539CE60081C5DC /* grdwyTests */,
				C2BE756F1B539CE60081C5DC /* Products */,
			);
			sourceTree = "<group>";
		};
		C2BE756F1B539CE60081C5DC /* Products */ = {
			isa = PBXGroup;
			children = (
				C2BE756E1B539CE60081C5DC /* grdwy.app */,
				C2BE75871B539CE60081C5DC /* grdwyTests.xctest */,
			);
			name = Products;
			sourceTree = "<group>";
		};
		C2BE75701B539CE60081C5DC /* grdwy */ = {
			isa = PBXGroup;
			children = (
				C2BE75751B539CE60081C5DC /* AppDelegate.h */,
				C2BE75761B539CE60081C5DC /* AppDelegate.m */,
				C2BE75781B539CE60081C5DC /* ViewController.h */,
				C2BE75791B539CE60081C5DC /* ViewController.m */,
				C2BE757B1B539CE60081C5DC /* Main.storyboard */,
				C2BE757E1B539CE60081C5DC /* Images.xcassets */,
				C2BE75801B539CE60081C5DC /* LaunchScreen.xib */,
				C2BE75711B539CE60081C5DC /* Supporting Files */,
			);
			path = grdwy;
			sourceTree = "<group>";
		};
		C2BE75711B539CE60081C5DC /* Supporting Files */ = {
			isa = PBXGroup;
			children = (
				C2BE75721B539CE60081C5DC /* Info.plist */,
				C2BE75731B539CE60081C5DC /* main.m */,
			);
			name = "Supporting Files";
			sourceTree = "<group>";
		};
		C2BE758A1B539CE60081C5DC /* grdwyTests */ = {
			isa = PBXGroup;
			children = (
				C2BE758D1B539CE60081C5DC /* grdwyTests.m */,
				C2BE758B1B539CE60081C5DC /* Supporting Files */,
			);
			path = grdwyTests;
			sourceTree = "<group>";
		};
		C2BE758B1B539CE60081C5DC /* Supporting Files */ = {
			isa = PBXGroup;
			children = (
				C2BE758C1B539CE60081C5DC /* Info.plist */,
			);
			name = "Supporting Files";
			sourceTree = "<group>";
		};
/* End PBXGroup section */

/* Begin PBXNativeTarget section */
		C2BE756D1B539CE60081C5DC /* grdwy */ = {
			isa = PBXNativeTarget;
			buildConfigurationList = C2BE75911B539CE60081C5DC /* Build configuration list for PBXNativeTarget "grdwy" */;
			buildPhases = (
				C2BE756A1B539CE60081C5DC /* Sources */,
				C2BE756B1B539CE60081C5DC /* Frameworks */,
				C2BE756C1B539CE60081C5DC /* Resources */,
			);
			buildRules = (
			);
			dependencies = (
			);
			name = grdwy;
			productName = grdwy;
			productReference = C2BE756E1B539CE60081C5DC /* grdwy.app */;
			productType = "com.apple.product-type.application";
		};
		C2BE75861B539CE60081C5DC /* grdwyTests */ = {
			isa = PBXNativeTarget;
			buildConfigurationList = C2BE75941B539CE60081C5DC /* Build configuration list for PBXNativeTarget "grdwyTests" */;
			buildPhases = (
				C2BE75831B539CE60081C5DC /* Sources */,
				C2BE75841B539CE60081C5DC /* Frameworks */,
				C2BE75851B539CE60081C5DC /* Resources */,
			);
			buildRules = (
			);
			dependencies = (
				C2BE75891B539CE60081C5DC /* PBXTargetDependency */,
			);
			name = grdwyTests;
			productName = grdwyTests;
			productReference = C2BE75871B539CE60081C5DC /* grdwyTests.xctest */;
			productType = "com.apple.product-type.bundle.unit-test";
		};
/* End PBXNativeTarget section */

/* Begin PBXProject section */
		C2BE75661B539CE60081C5DC /* Project object */ = {
			isa = PBXProject;
			attributes = {
				LastUpgradeCheck = 0600;
				ORGANIZATIONNAME = ZSL;
				TargetAttributes = {
					C2BE756D1B539CE60081C5DC = {
						CreatedOnToolsVersion = 6.0.1;
					};
					C2BE75861B539CE60081C5DC = {
						CreatedOnToolsVersion = 6.0.1;
						TestTargetID = C2BE756D1B539CE60081C5DC;
					};
				};
			};
			buildConfigurationList = C2BE75691B539CE60081C5DC /* Build configuration list for PBXProject "grdwy" */;
			compatibilityVersion = "Xcode 3.2";
			developmentRegion = English;
			hasScannedForEncodings = 0;
			knownRegions = (
				en,
				Base,
			);
			mainGroup = C2BE75651B539CE60081C5DC;
			productRefGroup = C2BE756F1B539CE60081C5DC /* Products */;
			projectDirPath = "";
			projectRoot = "";
			targets = (
				C2BE756D1B539CE60081C5DC /* grdwy */,
				C2BE75861B539CE60081C5DC /* grdwyTests */,
			);
		};
/* End PBXProject section */

/* Begin PBXResourcesBuildPhase section */
		C2BE756C1B539CE60081C5DC /* Resources */ = {
			isa = PBXResourcesBuildPhase;
			buildActionMask = 2147483647;
			files = (
				C2BE757D1B539CE60081C5DC /* Main.storyboard in Resources */,
				C2BE75821B539CE60081C5DC /* LaunchScreen.xib in Resources */,
				C2BE757F1B539CE60081C5DC /* Images.xcassets in Resources */,
			);
			runOnlyForDeploymentPostprocessing = 0;
		};
		C2BE75851B539CE60081C5DC /* Resources */ = {
			isa = PBXResourcesBuildPhase;
			buildActionMask = 2147483647;
			files = (
			);
			runOnlyForDeploymentPostprocessing = 0;
		};
/* End PBXResourcesBuildPhase section */

/* Begin PBXSourcesBuildPhase section */
		C2BE756A1B539CE60081C5DC /* Sources */ = {
			isa = PBXSourcesBuildPhase;
			buildActionMask = 2147483647;
			files = (
				C2BE757A1B539CE60081C5DC /* ViewController.m in Sources */,
				C2BE75771B539CE60081C5DC /* AppDelegate.m in Sources */,
				C2BE75741B539CE60081C5DC /* main.m in Sources */,
			);
			runOnlyForDeploymentPostprocessing = 0;
		};
		C2BE75831B539CE60081C5DC /* Sources */ = {
			isa = PBXSourcesBuildPhase;
			buildActionMask = 2147483647;
			files = (
				C2BE758E1B539CE60081C5DC /* grdwyTests.m in Sources */,
			);
			runOnlyForDeploymentPostprocessing = 0;
		};
/* End PBXSourcesBuildPhase section */

/* Begin PBXTargetDependency section */
		C2BE75891B539CE60081C5DC /* PBXTargetDependency */ = {
			isa = PBXTargetDependency;
			target = C2BE756D1B539CE60081C5DC /* grdwy */;
			targetProxy = C2BE75881B539CE60081C5DC /* PBXContainerItemProxy */;
		};
/* End PBXTargetDependency section */

/* Begin PBXVariantGroup section */
		C2BE757B1B539CE60081C5DC /* Main.storyboard */ = {
			isa = PBXVariantGroup;
			children = (
				C2BE757C1B539CE60081C5DC /* Base */,
			);
			name = Main.storyboard;
			sourceTree = "<group>";
		};
		C2BE75801B539CE60081C5DC /* LaunchScreen.xib */ = {
			isa = PBXVariantGroup;
			children = (
				C2BE75811B539CE60081C5DC /* Base */,
			);
			name = LaunchScreen.xib;
			sourceTree = "<group>";
		};
/* End PBXVariantGroup section */

/* Begin XCBuildConfiguration section */
		C2BE758F1B539CE60081C5DC /* Debug */ = {
			isa = XCBuildConfiguration;
			buildSettings = {
				ALWAYS_SEARCH_USER_PATHS = NO;
				CLANG_CXX_LANGUAGE_STANDARD = "gnu++0x";
				CLANG_CXX_LIBRARY = "libc++";
				CLANG_ENABLE_MODULES = YES;
				CLANG_ENABLE_OBJC_ARC = YES;
				CLANG_WARN_BOOL_CONVERSION = YES;
				CLANG_WARN_CONSTANT_CONVERSION = YES;
				CLANG_WARN_DIRECT_OBJC_ISA_USAGE = YES_ERROR;
				CLANG_WARN_EMPTY_BODY = YES;
				CLANG_WARN_ENUM_CONVERSION = YES;
				CLANG_WARN_INT_CONVERSION = YES;
				CLANG_WARN_OBJC_ROOT_CLASS = YES_ERROR;
				CLANG_WARN_UNREACHABLE_CODE = YES;
				CLANG_WARN__DUPLICATE_METHOD_MATCH = YES;
				"CODE_SIGN_IDENTITY[sdk=iphoneos*]" = "iPhone Developer";
				COPY_PHASE_STRIP = NO;
				ENABLE_STRICT_OBJC_MSGSEND = YES;
				GCC_C_LANGUAGE_STANDARD = gnu99;
				GCC_DYNAMIC_NO_PIC = NO;
				GCC_OPTIMIZATION_LEVEL = 0;
				GCC_PREPROCESSOR_DEFINITIONS = (
					"DEBUG=1",
					"$(inherited)",
				);
				GCC_SYMBOLS_PRIVATE_EXTERN = NO;
				GCC_WARN_64_TO_32_BIT_CONVERSION = YES;
				GCC_WARN_ABOUT_RETURN_TYPE = YES_ERROR;
				GCC_WARN_UNDECLARED_SELECTOR = YES;
				GCC_WARN_UNINITIALIZED_AUTOS = YES_AGGRESSIVE;
				GCC_WARN_UNUSED_FUNCTION = YES;
				GCC_WARN_UNUSED_VARIABLE = YES;
				IPHONEOS_DEPLOYMENT_TARGET = 8.0;
				MTL_ENABLE_DEBUG_INFO = YES;
				ONLY_ACTIVE_ARCH = YES;
				SDKROOT = iphoneos;
			};
			name = Debug;
		};
		C2BE75901B539CE60081C5DC /* Release */ = {
			isa = XCBuildConfiguration;
			buildSettings = {
				ALWAYS_SEARCH_USER_PATHS = NO;
				CLANG_CXX_LANGUAGE_STANDARD = "gnu++0x";
				CLANG_CXX_LIBRARY = "libc++";
				CLANG_ENABLE_MODULES = YES;
				CLANG_ENABLE_OBJC_ARC = YES;
				CLANG_WARN_BOOL_CONVERSION = YES;
				CLANG_WARN_CONSTANT_CONVERSION = YES;
				CLANG_WARN_DIRECT_OBJC_ISA_USAGE = YES_ERROR;
				CLANG_WARN_EMPTY_BODY = YES;
				CLANG_WARN_ENUM_CONVERSION = YES;
				CLANG_WARN_INT_CONVERSION = YES;
				CLANG_WARN_OBJC_ROOT_CLASS = YES_ERROR;
				CLANG_WARN_UNREACHABLE_CODE = YES;
				CLANG_WARN__DUPLICATE_METHOD_MATCH = YES;
				"CODE_SIGN_IDENTITY[sdk=iphoneos*]" = "iPhone Developer";
				COPY_PHASE_STRIP = YES;
				ENABLE_NS_ASSERTIONS = NO;
				ENABLE_STRICT_OBJC_MSGSEND = YES;
				GCC_C_LANGUAGE_STANDARD = gnu99;
				GCC_WARN_64_TO_32_BIT_CONVERSION = YES;
				GCC_WARN_ABOUT_RETURN_TYPE = YES_ERROR;
				GCC_WARN_UNDECLARED_SELECTOR = YES;
				GCC_WARN_UNINITIALIZED_AUTOS = YES_AGGRESSIVE;
				GCC_WARN_UNUSED_FUNCTION = YES;
				GCC_WARN_UNUSED_VARIABLE = YES;
				IPHONEOS_DEPLOYMENT_TARGET = 8.0;
				MTL_ENABLE_DEBUG_INFO = NO;
				SDKROOT = iphoneos;
				VALIDATE_PRODUCT = YES;
			};
			name = Release;
		};
		C2BE75921B539CE60081C5DC /* Debug */ = {
			isa = XCBuildConfiguration;
			buildSettings = {
				ASSETCATALOG_COMPILER_APPICON_NAME = AppIcon;
				INFOPLIST_FILE = grdwy/Info.plist;
				LD_RUNPATH_SEARCH_PATHS = "$(inherited) @executable_path/Frameworks";
				PRODUCT_NAME = "$(TARGET_NAME)";
			};
			name = Debug;
		};
		C2BE75931B539CE60081C5DC /* Release */ = {
			isa = XCBuildConfiguration;
			buildSettings = {
				ASSETCATALOG_COMPILER_APPICON_NAME = AppIcon;
				INFOPLIST_FILE = grdwy/Info.plist;
				LD_RUNPATH_SEARCH_PATHS = "$(inherited) @executable_path/Frameworks";
				PRODUCT_NAME = "$(TARGET_NAME)";
			};
			name = Release;
		};
		C2BE75951B539CE60081C5DC /* Debug */ = {
			isa = XCBuildConfiguration;
			buildSettings = {
				BUNDLE_LOADER = "$(TEST_HOST)";
				FRAMEWORK_SEARCH_PATHS = (
					"$(SDKROOT)/Developer/Library/Frameworks",
					"$(inherited)",
				);
				GCC_PREPROCESSOR_DEFINITIONS = (
					"DEBUG=1",
					"$(inherited)",
				);
				INFOPLIST_FILE = grdwyTests/Info.plist;
				LD_RUNPATH_SEARCH_PATHS = "$(inherited) @executable_path/Frameworks @loader_path/Frameworks";
				PRODUCT_NAME = "$(TARGET_NAME)";
				TEST_HOST = "$(BUILT_PRODUCTS_DIR)/grdwy.app/grdwy";
			};
			name = Debug;
		};
		C2BE75961B539CE60081C5DC /* Release */ = {
			isa = XCBuildConfiguration;
			buildSettings = {
				BUNDLE_LOADER = "$(TEST_HOST)";
				FRAMEWORK_SEARCH_PATHS = (
					"$(SDKROOT)/Developer/Library/Frameworks",
					"$(inherited)",
				);
				INFOPLIST_FILE = grdwyTests/Info.plist;
				LD_RUNPATH_SEARCH_PATHS = "$(inherited) @executable_path/Frameworks @loader_path/Frameworks";
				PRODUCT_NAME = "$(TARGET_NAME)";
				TEST_HOST = "$(BUILT_PRODUCTS_DIR)/grdwy.app/grdwy";
			};
			name = Release;
		};
/* End XCBuildConfiguration section */

/* Begin XCConfigurationList section */
		C2BE75691B539CE60081C5DC /* Build configuration list for PBXProject "grdwy" */ = {
			isa = XCConfigurationList;
			buildConfigurations = (
				C2BE758F1B539CE60081C5DC /* Debug */,
				C2BE75901B539CE60081C5DC /* Release */,
			);
			defaultConfigurationIsVisible = 0;
			defaultConfigurationName = Release;
		};
		C2BE75911B539CE60081C5DC /* Build configuration list for PBXNativeTarget "grdwy" */ = {
			isa = XCConfigurationList;
			buildConfigurations = (
				C2BE75921B539CE60081C5DC /* Debug */,
				C2BE75931B539CE60081C5DC /* Release */,
			);
			defaultConfigurationIsVisible = 0;
		};
		C2BE75941B539CE60081C5DC /* Build configuration list for PBXNativeTarget "grdwyTests" */ = {
			isa = XCConfigurationList;
			buildConfigurations = (
				C2BE75951B539CE60081C5DC /* Debug */,
				C2BE75961B539CE60081C5DC /* Release */,
			);
			defaultConfigurationIsVisible = 0;
		};
/* End XCConfigurationList section */
	};
	rootObject = C2BE75661B539CE60081C5DC /* Project object */;
}
